<?xml version="1.0" encoding="UTF-8"?>
<Scheme
   version = "1.3">
   <BuildAction>
      <BuildActionEntries>
         <BuildActionEntry
            buildForRunning = "YES">
            <BuildableReference
               BuildableIdentifier = "primary"
               BlueprintIdentifier = "86A5111371904DD6C71ACB87"
               BuildableName = "UnitTestingSetupProject.app"
               BlueprintName = "UnitTestingSetupProject"
               ReferencedContainer = "container:UnitTestingSetupProject.xcodeproj">
            </BuildableReference>
         </BuildActionEntry>
      </BuildActionEntries>
   </BuildAction>
   <LaunchAction
      useCustomWorkingDirectory = "NO"
      buildConfiguration = "Debug">
      <BuildableProductRunnable>
         <BuildableReference
            BuildableIdentifier = "primary"
            BlueprintIdentifier = "86A5111371904DD6C71ACB87"
            BuildableName = "UnitTestingSetupProject.app"
            BlueprintName = "UnitTestingSetupProject"
            ReferencedContainer = "container:UnitTestingSetupProject.xcodeproj">
         </BuildableReference>
      </BuildableProductRunnable>
   </LaunchAction>
</Scheme>
